
Microsoft Visual Studio Solution File, Format Version 12.00
# Visual Studio Version 17
VisualStudioVersion = 17.13.35919.96 d17.13
MinimumVisualStudioVersion = 10.0.40219.1
Project("{FAE04EC0-301F-11D3-BF4B-00C04F79EFBC}") = "cppcharpcommclientcharpbase", "cppcharpcommclientcharpbase\cppcharpcommclientcharpbase.csproj", "{C0635987-F515-4F1B-8C77-7586F130DF3E}"
EndProject
Global
	GlobalSection(SolutionConfigurationPlatforms) = preSolution
		Debug|Any CPU = Debug|Any CPU
		Release|Any CPU = Release|Any CPU
	EndGlobalSection
	GlobalSection(ProjectConfigurationPlatforms) = postSolution
		{C0635987-F515-4F1B-8C77-7586F130DF3E}.Debug|Any CPU.ActiveCfg = Debug|Any CPU
		{C0635987-F515-4F1B-8C77-7586F130DF3E}.Debug|Any CPU.Build.0 = Debug|Any CPU
		{C0635987-F515-4F1B-8C77-7586F130DF3E}.Release|Any CPU.ActiveCfg = Release|Any CPU
		{C0635987-F515-4F1B-8C77-7586F130DF3E}.Release|Any CPU.Build.0 = Release|Any CPU
	EndGlobalSection
	GlobalSection(SolutionProperties) = preSolution
		HideSolutionNode = FALSE
	EndGlobalSection
	GlobalSection(ExtensibilityGlobals) = postSolution
		SolutionGuid = {5F8825C8-8B87-4FF6-8E81-72BF0C8E2EA2}
	EndGlobalSection
EndGlobal
